<?xml version="1.0" encoding="utf-8"?>
<Project ToolsVersion="4.0" xmlns="http://schemas.microsoft.com/developer/msbuild/2003">
  <ItemGroup>
    <Filter Include="Source Files">
      <UniqueIdentifier>{4FC737F1-C7A5-4376-A066-2A32D752A2FF}</UniqueIdentifier>
      <Extensions>cpp;c;cc;cxx;def;odl;idl;hpj;bat;asm;asmx</Extensions>
    </Filter>
    <Filter Include="Header Files">
      <UniqueIdentifier>{93995380-89BD-4b04-88EB-625FBE52EBFB}</UniqueIdentifier>
      <Extensions>h;hh;hpp;hxx;hm;inl;inc;ipp;xsd</Extensions>
    </Filter>
    <Filter Include="Resource Files">
      <UniqueIdentifier>{67DA6AB6-F800-4c08-8B7A-83BB121AAD01}</UniqueIdentifier>
      <Extensions>rc;ico;cur;bmp;dlg;rc2;rct;bin;rgs;gif;jpg;jpeg;jpe;resx;tiff;tif;png;wav;mfcribbon-ms</Extensions>
    </Filter>
    <Filter Include="kiero">
      <UniqueIdentifier>{c914abae-6128-4a2a-8821-07a38f656930}</UniqueIdentifier>
    </Filter>
    <Filter Include="imgui">
      <UniqueIdentifier>{3ba57e14-8ac2-485a-b12c-f06690c43d6e}</UniqueIdentifier>
    </Filter>
  </ItemGroup>
  <ItemGroup>
    <ClCompile Include="kiero\minhook\src\buffer.c">
      <Filter>kiero</Filter>
    </ClCompile>
    <ClCompile Include="kiero\minhook\src\hde\hde32.c">
      <Filter>kiero</Filter>
    </ClCompile>
    <ClCompile Include="kiero\minhook\src\hde\hde64.c">
      <Filter>kiero</Filter>
    </ClCompile>
    <ClCompile Include="kiero\minhook\src\hook.c">
      <Filter>kiero</Filter>
    </ClCompile>
    <ClCompile Include="kiero\kiero.cpp">
      <Filter>kiero</Filter>
    </ClCompile>
    <ClCompile Include="kiero\minhook\src\trampoline.c">
      <Filter>kiero</Filter>
    </ClCompile>
    <ClCompile Include="main.cpp">
      <Filter>Source Files</Filter>
    </ClCompile>
    <ClCompile Include="SCPSL\Math\math.cpp">
      <Filter>Source Files</Filter>
    </ClCompile>
    <ClCompile Include="SCPSL\Engine\engine.cpp">
      <Filter>Source Files</Filter>
    </ClCompile>
    <ClCompile Include="SCPSL\Memory\Memory.cpp">
      <Filter>Source Files</Filter>
    </ClCompile>
    <ClCompile Include="SCPSL\Offsets\offsets.cpp">
      <Filter>Source Files</Filter>
    </ClCompile>
    <ClCompile Include="SCPSL\Drawing\Drawing.cpp">
      <Filter>Source Files</Filter>
    </ClCompile>
    <ClCompile Include="SCPSL\includes.cpp">
      <Filter>Source Files</Filter>
    </ClCompile>
    <ClCompile Include="SCPSL\Features\Resolver.cpp">
      <Filter>Source Files</Filter>
    </ClCompile>
    <ClCompile Include="imgui\imgui.cpp">
      <Filter>Source Files</Filter>
    </ClCompile>
    <ClCompile Include="imgui\imgui_demo.cpp">
      <Filter>Source Files</Filter>
    </ClCompile>
    <ClCompile Include="imgui\imgui_draw.cpp">
      <Filter>Source Files</Filter>
    </ClCompile>
    <ClCompile Include="imgui\imgui_impl_dx11.cpp">
      <Filter>Source Files</Filter>
    </ClCompile>
    <ClCompile Include="imgui\imgui_impl_win32.cpp">
      <Filter>Source Files</Filter>
    </ClCompile>
    <ClCompile Include="imgui\imgui_tables.cpp">
      <Filter>Source Files</Filter>
    </ClCompile>
    <ClCompile Include="imgui\imgui_widgets.cpp">
      <Filter>Source Files</Filter>
    </ClCompile>
    <ClCompile Include="menu\util\Utils.cpp">
      <Filter>Source Files</Filter>
    </ClCompile>
    <ClCompile Include="menu\util\widgets.cpp">
      <Filter>Source Files</Filter>
    </ClCompile>
    <ClCompile Include="menu\menu.cpp">
      <Filter>Source Files</Filter>
    </ClCompile>
    <ClCompile Include="SCPSL\Drawing\PlayerRolesUtils.cpp">
      <Filter>Source Files</Filter>
    </ClCompile>
    <ClCompile Include="Lua\lua\lapi.c">
      <Filter>Source Files</Filter>
    </ClCompile>
    <ClCompile Include="Lua\lua\lauxlib.c">
      <Filter>Source Files</Filter>
    </ClCompile>
    <ClCompile Include="Lua\lua\lbaselib.c">
      <Filter>Source Files</Filter>
    </ClCompile>
    <ClCompile Include="Lua\lua\lcode.c">
      <Filter>Source Files</Filter>
    </ClCompile>
    <ClCompile Include="Lua\lua\lcorolib.c">
      <Filter>Source Files</Filter>
    </ClCompile>
    <ClCompile Include="Lua\lua\lctype.c">
      <Filter>Source Files</Filter>
    </ClCompile>
    <ClCompile Include="Lua\lua\ldblib.c">
      <Filter>Source Files</Filter>
    </ClCompile>
    <ClCompile Include="Lua\lua\ldebug.c">
      <Filter>Source Files</Filter>
    </ClCompile>
    <ClCompile Include="Lua\lua\ldo.c">
      <Filter>Source Files</Filter>
    </ClCompile>
    <ClCompile Include="Lua\lua\ldump.c">
      <Filter>Source Files</Filter>
    </ClCompile>
    <ClCompile Include="Lua\lua\lfunc.c">
      <Filter>Source Files</Filter>
    </ClCompile>
    <ClCompile Include="Lua\lua\lgc.c">
      <Filter>Source Files</Filter>
    </ClCompile>
    <ClCompile Include="Lua\lua\linit.c">
      <Filter>Source Files</Filter>
    </ClCompile>
    <ClCompile Include="Lua\lua\liolib.c">
      <Filter>Source Files</Filter>
    </ClCompile>
    <ClCompile Include="Lua\lua\llex.c">
      <Filter>Source Files</Filter>
    </ClCompile>
    <ClCompile Include="Lua\lua\lmathlib.c">
      <Filter>Source Files</Filter>
    </ClCompile>
    <ClCompile Include="Lua\lua\lmem.c">
      <Filter>Source Files</Filter>
    </ClCompile>
    <ClCompile Include="Lua\lua\loadlib.c">
      <Filter>Source Files</Filter>
    </ClCompile>
    <ClCompile Include="Lua\lua\lobject.c">
      <Filter>Source Files</Filter>
    </ClCompile>
    <ClCompile Include="Lua\lua\lopcodes.c">
      <Filter>Source Files</Filter>
    </ClCompile>
    <ClCompile Include="Lua\lua\loslib.c">
      <Filter>Source Files</Filter>
    </ClCompile>
    <ClCompile Include="Lua\lua\lparser.c">
      <Filter>Source Files</Filter>
    </ClCompile>
    <ClCompile Include="Lua\lua\lstate.c">
      <Filter>Source Files</Filter>
    </ClCompile>
    <ClCompile Include="Lua\lua\lstring.c">
      <Filter>Source Files</Filter>
    </ClCompile>
    <ClCompile Include="Lua\lua\lstrlib.c">
      <Filter>Source Files</Filter>
    </ClCompile>
    <ClCompile Include="Lua\lua\ltable.c">
      <Filter>Source Files</Filter>
    </ClCompile>
    <ClCompile Include="Lua\lua\ltablib.c">
      <Filter>Source Files</Filter>
    </ClCompile>
    <ClCompile Include="Lua\lua\ltm.c">
      <Filter>Source Files</Filter>
    </ClCompile>
    <ClCompile Include="Lua\lua\lua.c">
      <Filter>Source Files</Filter>
    </ClCompile>
    <ClCompile Include="Lua\lua\luac.c">
      <Filter>Source Files</Filter>
    </ClCompile>
    <ClCompile Include="Lua\lua\lundump.c">
      <Filter>Source Files</Filter>
    </ClCompile>
    <ClCompile Include="Lua\lua\lutf8lib.c">
      <Filter>Source Files</Filter>
    </ClCompile>
    <ClCompile Include="Lua\lua\lvm.c">
      <Filter>Source Files</Filter>
    </ClCompile>
    <ClCompile Include="Lua\lua\lzio.c">
      <Filter>Source Files</Filter>
    </ClCompile>
  </ItemGroup>
  <ItemGroup>
    <ResourceCompile Include="kiero\minhook\dll_resources\MinHook.rc">
      <Filter>Resource Files</Filter>
    </ResourceCompile>
  </ItemGroup>
  <ItemGroup>
    <ClInclude Include="kiero\minhook\src\buffer.h">
      <Filter>kiero</Filter>
    </ClInclude>
    <ClInclude Include="kiero\minhook\src\hde\hde32.h">
      <Filter>kiero</Filter>
    </ClInclude>
    <ClInclude Include="kiero\minhook\src\hde\hde64.h">
      <Filter>kiero</Filter>
    </ClInclude>
    <ClInclude Include="kiero\kiero.h">
      <Filter>kiero</Filter>
    </ClInclude>
    <ClInclude Include="kiero\minhook\include\MinHook.h">
      <Filter>kiero</Filter>
    </ClInclude>
    <ClInclude Include="kiero\minhook\src\hde\pstdint.h">
      <Filter>kiero</Filter>
    </ClInclude>
    <ClInclude Include="kiero\minhook\src\hde\table32.h">
      <Filter>kiero</Filter>
    </ClInclude>
    <ClInclude Include="kiero\minhook\src\hde\table64.h">
      <Filter>kiero</Filter>
    </ClInclude>
    <ClInclude Include="kiero\minhook\src\trampoline.h">
      <Filter>kiero</Filter>
    </ClInclude>
    <ClInclude Include="main.h">
      <Filter>Header Files</Filter>
    </ClInclude>
    <ClInclude Include="SCPSL\Memory\Memory.h">
      <Filter>Header Files</Filter>
    </ClInclude>
    <ClInclude Include="SCPSL\SDK\sdk.hpp">
      <Filter>Header Files</Filter>
    </ClInclude>
    <ClInclude Include="SCPSL\includes.h">
      <Filter>Header Files</Filter>
    </ClInclude>
    <ClInclude Include="SCPSL\Offsets\offsets.h">
      <Filter>Header Files</Filter>
    </ClInclude>
    <ClInclude Include="SCPSL\SDK\classes.hpp">
      <Filter>Header Files</Filter>
    </ClInclude>
    <ClInclude Include="SCPSL\Math\math.h">
      <Filter>Header Files</Filter>
    </ClInclude>
    <ClInclude Include="SCPSL\Engine\engine.h">
      <Filter>Header Files</Filter>
    </ClInclude>
    <ClInclude Include="SCPSL\Drawing\Drawing.h">
      <Filter>Header Files</Filter>
    </ClInclude>
    <ClInclude Include="Utils.hpp">
      <Filter>Header Files</Filter>
    </ClInclude>
    <ClInclude Include="SCPSL\Hooking.hpp">
      <Filter>Header Files</Filter>
    </ClInclude>
    <ClInclude Include="SCPSL\Hooking.cpp">
      <Filter>Header Files</Filter>
    </ClInclude>
    <ClInclude Include="SCPSL\RoomUtils.hpp">
      <Filter>Header Files</Filter>
    </ClInclude>
    <ClInclude Include="SCPSL\ItemsUtils.hpp">
      <Filter>Header Files</Filter>
    </ClInclude>
    <ClInclude Include="Notify\fa_solid_900.h">
      <Filter>Header Files</Filter>
    </ClInclude>
    <ClInclude Include="Notify\font_awesome_5.h">
      <Filter>Header Files</Filter>
    </ClInclude>
    <ClInclude Include="Notify\imgui_notify.h">
      <Filter>Header Files</Filter>
    </ClInclude>
    <ClInclude Include="tahoma.h">
      <Filter>Header Files</Filter>
    </ClInclude>
    <ClInclude Include="ACBypass.hpp">
      <Filter>Header Files</Filter>
    </ClInclude>
    <ClInclude Include="SpeedHack.hpp">
      <Filter>Header Files</Filter>
    </ClInclude>
    <ClInclude Include="SCPSL\Features\Hooked\ItemESP.hpp">
      <Filter>Header Files</Filter>
    </ClInclude>
    <ClInclude Include="imspinner.h">
      <Filter>Header Files</Filter>
    </ClInclude>
    <ClInclude Include="dboy.h">
      <Filter>Header Files</Filter>
    </ClInclude>
    <ClInclude Include="dboychams.h">
      <Filter>Header Files</Filter>
    </ClInclude>
    <ClInclude Include="SCPSL\Features\Hooked\Combat.hpp">
      <Filter>Header Files</Filter>
    </ClInclude>
    <ClInclude Include="SCPSL\Features\Hooked\AntiTesla.hpp">
      <Filter>Header Files</Filter>
    </ClInclude>
    <ClInclude Include="SCPSL\Features\Hooked\Movement.hpp">
      <Filter>Header Files</Filter>
    </ClInclude>
    <ClInclude Include="SCPSL\Features\Hooked\Camera.hpp">
      <Filter>Header Files</Filter>
    </ClInclude>
    <ClInclude Include="SCPSL\Features\Drawing\Menu.hpp">
      <Filter>Header Files</Filter>
    </ClInclude>
    <ClInclude Include="SCPSL\Features\Hooked\CustomNetworkManager.hpp">
      <Filter>Header Files</Filter>
    </ClInclude>
    <ClInclude Include="SCPSL\Features\Hooked\StandardHitregBase.cpp">
      <Filter>Header Files</Filter>
    </ClInclude>
    <ClInclude Include="SCPSL\Features\Hooked\StandardHitregBase.h">
      <Filter>Header Files</Filter>
    </ClInclude>
    <ClInclude Include="xorstr.hpp">
      <Filter>Header Files</Filter>
    </ClInclude>
    <ClInclude Include="SCPSL\Features\Resolver.h">
      <Filter>Header Files</Filter>
    </ClInclude>
    <ClInclude Include="imgui\imconfig.h">
      <Filter>Header Files</Filter>
    </ClInclude>
    <ClInclude Include="imgui\imgui.h">
      <Filter>Header Files</Filter>
    </ClInclude>
    <ClInclude Include="imgui\imgui_impl_dx11.h">
      <Filter>Header Files</Filter>
    </ClInclude>
    <ClInclude Include="imgui\imgui_impl_win32.h">
      <Filter>Header Files</Filter>
    </ClInclude>
    <ClInclude Include="imgui\imgui_internal.h">
      <Filter>Header Files</Filter>
    </ClInclude>
    <ClInclude Include="imgui\imstb_rectpack.h">
      <Filter>Header Files</Filter>
    </ClInclude>
    <ClInclude Include="imgui\imstb_textedit.h">
      <Filter>Header Files</Filter>
    </ClInclude>
    <ClInclude Include="imgui\imstb_truetype.h">
      <Filter>Header Files</Filter>
    </ClInclude>
    <ClInclude Include="menu\util\Utils.hpp">
      <Filter>Header Files</Filter>
    </ClInclude>
    <ClInclude Include="menu\util\widgets.hpp">
      <Filter>Header Files</Filter>
    </ClInclude>
    <ClInclude Include="menu\menu.hpp">
      <Filter>Header Files</Filter>
    </ClInclude>
    <ClInclude Include="fonts\benzin.hpp">
      <Filter>Header Files</Filter>
    </ClInclude>
    <ClInclude Include="fonts\font_awesome.h">
      <Filter>Header Files</Filter>
    </ClInclude>
    <ClInclude Include="fonts\fontz.hpp">
      <Filter>Header Files</Filter>
    </ClInclude>
    <ClInclude Include="fonts\Roboto_Regular.h">
      <Filter>Header Files</Filter>
    </ClInclude>
    <ClInclude Include="fonts\sf_pro.h">
      <Filter>Header Files</Filter>
    </ClInclude>
    <ClInclude Include="SCPSL\Il2Cpp\Utils\Hash.hpp">
      <Filter>Header Files</Filter>
    </ClInclude>
    <ClInclude Include="SCPSL\Il2Cpp\Utils\Helper.hpp">
      <Filter>Header Files</Filter>
    </ClInclude>
    <ClInclude Include="SCPSL\Il2Cpp\Utils\VTable.hpp">
      <Filter>Header Files</Filter>
    </ClInclude>
    <ClInclude Include="SCPSL\Il2Cpp\Unity\API\Camera.hpp">
      <Filter>Header Files</Filter>
    </ClInclude>
    <ClInclude Include="SCPSL\Il2Cpp\Unity\API\Component.hpp">
      <Filter>Header Files</Filter>
    </ClInclude>
    <ClInclude Include="SCPSL\Il2Cpp\Unity\API\GameObject.hpp">
      <Filter>Header Files</Filter>
    </ClInclude>
    <ClInclude Include="SCPSL\Il2Cpp\Unity\API\LayerMask.hpp">
      <Filter>Header Files</Filter>
    </ClInclude>
    <ClInclude Include="SCPSL\Il2Cpp\Unity\API\Object.hpp">
      <Filter>Header Files</Filter>
    </ClInclude>
    <ClInclude Include="SCPSL\Il2Cpp\Unity\API\Rigidbody.hpp">
      <Filter>Header Files</Filter>
    </ClInclude>
    <ClInclude Include="SCPSL\Il2Cpp\Unity\API\Transform.hpp">
      <Filter>Header Files</Filter>
    </ClInclude>
    <ClInclude Include="SCPSL\Il2Cpp\Unity\Structures\Engine.hpp">
      <Filter>Header Files</Filter>
    </ClInclude>
    <ClInclude Include="SCPSL\Il2Cpp\Unity\Structures\il2cpp.hpp">
      <Filter>Header Files</Filter>
    </ClInclude>
    <ClInclude Include="SCPSL\Il2Cpp\Unity\Structures\il2cppArray.hpp">
      <Filter>Header Files</Filter>
    </ClInclude>
    <ClInclude Include="SCPSL\Il2Cpp\Unity\Structures\il2cppDictionary.hpp">
      <Filter>Header Files</Filter>
    </ClInclude>
    <ClInclude Include="SCPSL\Il2Cpp\Unity\Structures\System_String.hpp">
      <Filter>Header Files</Filter>
    </ClInclude>
    <ClInclude Include="SCPSL\Il2Cpp\Unity\Defines.hpp">
      <Filter>Header Files</Filter>
    </ClInclude>
    <ClInclude Include="SCPSL\Il2Cpp\Unity\Obfuscators.hpp">
      <Filter>Header Files</Filter>
    </ClInclude>
    <ClInclude Include="SCPSL\Il2Cpp\API\Callback.hpp">
      <Filter>Header Files</Filter>
    </ClInclude>
    <ClInclude Include="SCPSL\Il2Cpp\API\Class.hpp">
      <Filter>Header Files</Filter>
    </ClInclude>
    <ClInclude Include="SCPSL\Il2Cpp\API\Domain.hpp">
      <Filter>Header Files</Filter>
    </ClInclude>
    <ClInclude Include="SCPSL\Il2Cpp\API\ResolveCall.hpp">
      <Filter>Header Files</Filter>
    </ClInclude>
    <ClInclude Include="SCPSL\Il2Cpp\API\String.hpp">
      <Filter>Header Files</Filter>
    </ClInclude>
    <ClInclude Include="SCPSL\Il2Cpp\API\Thread.hpp">
      <Filter>Header Files</Filter>
    </ClInclude>
    <ClInclude Include="SCPSL\Il2Cpp\Data.hpp">
      <Filter>Header Files</Filter>
    </ClInclude>
    <ClInclude Include="SCPSL\Il2Cpp\Defines.hpp">
      <Filter>Header Files</Filter>
    </ClInclude>
    <ClInclude Include="SCPSL\Il2Cpp\IL2CPP_Resolver.hpp">
      <Filter>Header Files</Filter>
    </ClInclude>
    <ClInclude Include="SCPSL\Il2Cpp\SystemTypeCache.hpp">
      <Filter>Header Files</Filter>
    </ClInclude>
    <ClInclude Include="SCPSL\Drawing\PlayerRolesUtils.h">
      <Filter>Header Files</Filter>
    </ClInclude>
    <ClInclude Include="adbytes.h">
      <Filter>Header Files</Filter>
    </ClInclude>
    <ClInclude Include="capybara-ad.h">
      <Filter>Header Files</Filter>
    </ClInclude>
    <ClInclude Include="SCPSL\Features\Hooked\SCPAimbot.hpp">
      <Filter>Header Files</Filter>
    </ClInclude>
    <ClInclude Include="Lua\sol\compatibility\compat-5.3.c.h">
      <Filter>Header Files</Filter>
    </ClInclude>
    <ClInclude Include="Lua\sol\compatibility\compat-5.3.h">
      <Filter>Header Files</Filter>
    </ClInclude>
    <ClInclude Include="Lua\sol\compatibility\compat-5.4.h">
      <Filter>Header Files</Filter>
    </ClInclude>
    <ClInclude Include="Lua\sol\compatibility\lua_version.hpp">
      <Filter>Header Files</Filter>
    </ClInclude>
    <ClInclude Include="Lua\sol\detail\build_version.hpp">
      <Filter>Header Files</Filter>
    </ClInclude>
    <ClInclude Include="Lua\sol\stack\detail\pairs.hpp">
      <Filter>Header Files</Filter>
    </ClInclude>
    <ClInclude Include="Lua\sol\utility\is_integer.hpp">
      <Filter>Header Files</Filter>
    </ClInclude>
    <ClInclude Include="Lua\sol\utility\to_string.hpp">
      <Filter>Header Files</Filter>
    </ClInclude>
    <ClInclude Include="Lua\sol\abort.hpp">
      <Filter>Header Files</Filter>
    </ClInclude>
    <ClInclude Include="Lua\sol\as_args.hpp">
      <Filter>Header Files</Filter>
    </ClInclude>
    <ClInclude Include="Lua\sol\as_returns.hpp">
      <Filter>Header Files</Filter>
    </ClInclude>
    <ClInclude Include="Lua\sol\assert.hpp">
      <Filter>Header Files</Filter>
    </ClInclude>
    <ClInclude Include="Lua\sol\base_traits.hpp">
      <Filter>Header Files</Filter>
    </ClInclude>
    <ClInclude Include="Lua\sol\bind_traits.hpp">
      <Filter>Header Files</Filter>
    </ClInclude>
    <ClInclude Include="Lua\sol\bytecode.hpp">
      <Filter>Header Files</Filter>
    </ClInclude>
    <ClInclude Include="Lua\sol\call.hpp">
      <Filter>Header Files</Filter>
    </ClInclude>
    <ClInclude Include="Lua\sol\compatibility.hpp">
      <Filter>Header Files</Filter>
    </ClInclude>
    <ClInclude Include="Lua\sol\config.hpp">
      <Filter>Header Files</Filter>
    </ClInclude>
    <ClInclude Include="Lua\sol\coroutine.hpp">
      <Filter>Header Files</Filter>
    </ClInclude>
    <ClInclude Include="Lua\sol\debug.hpp">
      <Filter>Header Files</Filter>
    </ClInclude>
    <ClInclude Include="Lua\sol\demangle.hpp">
      <Filter>Header Files</Filter>
    </ClInclude>
    <ClInclude Include="Lua\sol\deprecate.hpp">
      <Filter>Header Files</Filter>
    </ClInclude>
    <ClInclude Include="Lua\sol\dump_handler.hpp">
      <Filter>Header Files</Filter>
    </ClInclude>
    <ClInclude Include="Lua\sol\ebco.hpp">
      <Filter>Header Files</Filter>
    </ClInclude>
    <ClInclude Include="Lua\sol\environment.hpp">
      <Filter>Header Files</Filter>
    </ClInclude>
    <ClInclude Include="Lua\sol\epilogue.hpp">
      <Filter>Header Files</Filter>
    </ClInclude>
    <ClInclude Include="Lua\sol\error.hpp">
      <Filter>Header Files</Filter>
    </ClInclude>
    <ClInclude Include="Lua\sol\error_handler.hpp">
      <Filter>Header Files</Filter>
    </ClInclude>
    <ClInclude Include="Lua\sol\forward.hpp">
      <Filter>Header Files</Filter>
    </ClInclude>
    <ClInclude Include="Lua\sol\forward_as.hpp">
      <Filter>Header Files</Filter>
    </ClInclude>
    <ClInclude Include="Lua\sol\forward_detail.hpp">
      <Filter>Header Files</Filter>
    </ClInclude>
    <ClInclude Include="Lua\sol\function.hpp">
      <Filter>Header Files</Filter>
    </ClInclude>
    <ClInclude Include="Lua\sol\function_result.hpp">
      <Filter>Header Files</Filter>
    </ClInclude>
    <ClInclude Include="Lua\sol\function_types.hpp">
      <Filter>Header Files</Filter>
    </ClInclude>
    <ClInclude Include="Lua\sol\function_types_core.hpp">
      <Filter>Header Files</Filter>
    </ClInclude>
    <ClInclude Include="Lua\sol\function_types_overloaded.hpp">
      <Filter>Header Files</Filter>
    </ClInclude>
    <ClInclude Include="Lua\sol\function_types_stateful.hpp">
      <Filter>Header Files</Filter>
    </ClInclude>
    <ClInclude Include="Lua\sol\function_types_stateless.hpp">
      <Filter>Header Files</Filter>
    </ClInclude>
    <ClInclude Include="Lua\sol\function_types_templated.hpp">
      <Filter>Header Files</Filter>
    </ClInclude>
    <ClInclude Include="Lua\sol\in_place.hpp">
      <Filter>Header Files</Filter>
    </ClInclude>
    <ClInclude Include="Lua\sol\inheritance.hpp">
      <Filter>Header Files</Filter>
    </ClInclude>
    <ClInclude Include="Lua\sol\load_result.hpp">
      <Filter>Header Files</Filter>
    </ClInclude>
    <ClInclude Include="Lua\sol\lua_table.hpp">
      <Filter>Header Files</Filter>
    </ClInclude>
    <ClInclude Include="Lua\sol\lua_value.hpp">
      <Filter>Header Files</Filter>
    </ClInclude>
    <ClInclude Include="Lua\sol\make_reference.hpp">
      <Filter>Header Files</Filter>
    </ClInclude>
    <ClInclude Include="Lua\sol\metatable.hpp">
      <Filter>Header Files</Filter>
    </ClInclude>
    <ClInclude Include="Lua\sol\object.hpp">
      <Filter>Header Files</Filter>
    </ClInclude>
    <ClInclude Include="Lua\sol\object_base.hpp">
      <Filter>Header Files</Filter>
    </ClInclude>
    <ClInclude Include="Lua\sol\optional.hpp">
      <Filter>Header Files</Filter>
    </ClInclude>
    <ClInclude Include="Lua\sol\optional_implementation.hpp">
      <Filter>Header Files</Filter>
    </ClInclude>
    <ClInclude Include="Lua\sol\overload.hpp">
      <Filter>Header Files</Filter>
    </ClInclude>
    <ClInclude Include="Lua\sol\packaged_coroutine.hpp">
      <Filter>Header Files</Filter>
    </ClInclude>
    <ClInclude Include="Lua\sol\pairs_iterator.hpp">
      <Filter>Header Files</Filter>
    </ClInclude>
    <ClInclude Include="Lua\sol\pointer_like.hpp">
      <Filter>Header Files</Filter>
    </ClInclude>
    <ClInclude Include="Lua\sol\policies.hpp">
      <Filter>Header Files</Filter>
    </ClInclude>
    <ClInclude Include="Lua\sol\prologue.hpp">
      <Filter>Header Files</Filter>
    </ClInclude>
    <ClInclude Include="Lua\sol\property.hpp">
      <Filter>Header Files</Filter>
    </ClInclude>
    <ClInclude Include="Lua\sol\protect.hpp">
      <Filter>Header Files</Filter>
    </ClInclude>
    <ClInclude Include="Lua\sol\protected_function.hpp">
      <Filter>Header Files</Filter>
    </ClInclude>
    <ClInclude Include="Lua\sol\protected_function_result.hpp">
      <Filter>Header Files</Filter>
    </ClInclude>
    <ClInclude Include="Lua\sol\protected_handler.hpp">
      <Filter>Header Files</Filter>
    </ClInclude>
    <ClInclude Include="Lua\sol\proxy_base.hpp">
      <Filter>Header Files</Filter>
    </ClInclude>
    <ClInclude Include="Lua\sol\raii.hpp">
      <Filter>Header Files</Filter>
    </ClInclude>
    <ClInclude Include="Lua\sol\reference.hpp">
      <Filter>Header Files</Filter>
    </ClInclude>
    <ClInclude Include="Lua\sol\resolve.hpp">
      <Filter>Header Files</Filter>
    </ClInclude>
    <ClInclude Include="Lua\sol\sol.hpp">
      <Filter>Header Files</Filter>
    </ClInclude>
    <ClInclude Include="Lua\sol\stack.hpp">
      <Filter>Header Files</Filter>
    </ClInclude>
    <ClInclude Include="Lua\sol\stack_check.hpp">
      <Filter>Header Files</Filter>
    </ClInclude>
    <ClInclude Include="Lua\sol\stack_check_get.hpp">
      <Filter>Header Files</Filter>
    </ClInclude>
    <ClInclude Include="Lua\sol\stack_check_get_qualified.hpp">
      <Filter>Header Files</Filter>
    </ClInclude>
    <ClInclude Include="Lua\sol\stack_check_get_unqualified.hpp">
      <Filter>Header Files</Filter>
    </ClInclude>
    <ClInclude Include="Lua\sol\stack_check_qualified.hpp">
      <Filter>Header Files</Filter>
    </ClInclude>
    <ClInclude Include="Lua\sol\stack_check_unqualified.hpp">
      <Filter>Header Files</Filter>
    </ClInclude>
    <ClInclude Include="Lua\sol\stack_core.hpp">
      <Filter>Header Files</Filter>
    </ClInclude>
    <ClInclude Include="Lua\sol\stack_field.hpp">
      <Filter>Header Files</Filter>
    </ClInclude>
    <ClInclude Include="Lua\sol\stack_get.hpp">
      <Filter>Header Files</Filter>
    </ClInclude>
    <ClInclude Include="Lua\sol\stack_get_qualified.hpp">
      <Filter>Header Files</Filter>
    </ClInclude>
    <ClInclude Include="Lua\sol\stack_get_unqualified.hpp">
      <Filter>Header Files</Filter>
    </ClInclude>
    <ClInclude Include="Lua\sol\stack_guard.hpp">
      <Filter>Header Files</Filter>
    </ClInclude>
    <ClInclude Include="Lua\sol\stack_iterator.hpp">
      <Filter>Header Files</Filter>
    </ClInclude>
    <ClInclude Include="Lua\sol\stack_pop.hpp">
      <Filter>Header Files</Filter>
    </ClInclude>
    <ClInclude Include="Lua\sol\stack_probe.hpp">
      <Filter>Header Files</Filter>
    </ClInclude>
    <ClInclude Include="Lua\sol\stack_proxy.hpp">
      <Filter>Header Files</Filter>
    </ClInclude>
    <ClInclude Include="Lua\sol\stack_proxy_base.hpp">
      <Filter>Header Files</Filter>
    </ClInclude>
    <ClInclude Include="Lua\sol\stack_push.hpp">
      <Filter>Header Files</Filter>
    </ClInclude>
    <ClInclude Include="Lua\sol\stack_reference.hpp">
      <Filter>Header Files</Filter>
    </ClInclude>
    <ClInclude Include="Lua\sol\state.hpp">
      <Filter>Header Files</Filter>
    </ClInclude>
    <ClInclude Include="Lua\sol\state_handling.hpp">
      <Filter>Header Files</Filter>
    </ClInclude>
    <ClInclude Include="Lua\sol\state_view.hpp">
      <Filter>Header Files</Filter>
    </ClInclude>
    <ClInclude Include="Lua\sol\string_view.hpp">
      <Filter>Header Files</Filter>
    </ClInclude>
    <ClInclude Include="Lua\sol\table.hpp">
      <Filter>Header Files</Filter>
    </ClInclude>
    <ClInclude Include="Lua\sol\table_core.hpp">
      <Filter>Header Files</Filter>
    </ClInclude>
    <ClInclude Include="Lua\sol\table_iterator.hpp">
      <Filter>Header Files</Filter>
    </ClInclude>
    <ClInclude Include="Lua\sol\table_proxy.hpp">
      <Filter>Header Files</Filter>
    </ClInclude>
    <ClInclude Include="Lua\sol\thread.hpp">
      <Filter>Header Files</Filter>
    </ClInclude>
    <ClInclude Include="Lua\sol\tie.hpp">
      <Filter>Header Files</Filter>
    </ClInclude>
    <ClInclude Include="Lua\sol\traits.hpp">
      <Filter>Header Files</Filter>
    </ClInclude>
    <ClInclude Include="Lua\sol\trampoline.hpp">
      <Filter>Header Files</Filter>
    </ClInclude>
    <ClInclude Include="Lua\sol\tuple.hpp">
      <Filter>Header Files</Filter>
    </ClInclude>
    <ClInclude Include="Lua\sol\types.hpp">
      <Filter>Header Files</Filter>
    </ClInclude>
    <ClInclude Include="Lua\sol\unicode.hpp">
      <Filter>Header Files</Filter>
    </ClInclude>
    <ClInclude Include="Lua\sol\unique_usertype_traits.hpp">
      <Filter>Header Files</Filter>
    </ClInclude>
    <ClInclude Include="Lua\sol\unreachable.hpp">
      <Filter>Header Files</Filter>
    </ClInclude>
    <ClInclude Include="Lua\sol\unsafe_function.hpp">
      <Filter>Header Files</Filter>
    </ClInclude>
    <ClInclude Include="Lua\sol\unsafe_function_result.hpp">
      <Filter>Header Files</Filter>
    </ClInclude>
    <ClInclude Include="Lua\sol\userdata.hpp">
      <Filter>Header Files</Filter>
    </ClInclude>
    <ClInclude Include="Lua\sol\usertype.hpp">
      <Filter>Header Files</Filter>
    </ClInclude>
    <ClInclude Include="Lua\sol\usertype_container.hpp">
      <Filter>Header Files</Filter>
    </ClInclude>
    <ClInclude Include="Lua\sol\usertype_container_launch.hpp">
      <Filter>Header Files</Filter>
    </ClInclude>
    <ClInclude Include="Lua\sol\usertype_core.hpp">
      <Filter>Header Files</Filter>
    </ClInclude>
    <ClInclude Include="Lua\sol\usertype_proxy.hpp">
      <Filter>Header Files</Filter>
    </ClInclude>
    <ClInclude Include="Lua\sol\usertype_storage.hpp">
      <Filter>Header Files</Filter>
    </ClInclude>
    <ClInclude Include="Lua\sol\usertype_traits.hpp">
      <Filter>Header Files</Filter>
    </ClInclude>
    <ClInclude Include="Lua\sol\variadic_args.hpp">
      <Filter>Header Files</Filter>
    </ClInclude>
    <ClInclude Include="Lua\sol\variadic_results.hpp">
      <Filter>Header Files</Filter>
    </ClInclude>
    <ClInclude Include="Lua\sol\version.hpp">
      <Filter>Header Files</Filter>
    </ClInclude>
    <ClInclude Include="Lua\sol\wrapper.hpp">
      <Filter>Header Files</Filter>
    </ClInclude>
    <ClInclude Include="Lua\lua\lapi.h">
      <Filter>Header Files</Filter>
    </ClInclude>
    <ClInclude Include="Lua\lua\lauxlib.h">
      <Filter>Header Files</Filter>
    </ClInclude>
    <ClInclude Include="Lua\lua\lcode.h">
      <Filter>Header Files</Filter>
    </ClInclude>
    <ClInclude Include="Lua\lua\lctype.h">
      <Filter>Header Files</Filter>
    </ClInclude>
    <ClInclude Include="Lua\lua\ldebug.h">
      <Filter>Header Files</Filter>
    </ClInclude>
    <ClInclude Include="Lua\lua\ldo.h">
      <Filter>Header Files</Filter>
    </ClInclude>
    <ClInclude Include="Lua\lua\lfunc.h">
      <Filter>Header Files</Filter>
    </ClInclude>
    <ClInclude Include="Lua\lua\lgc.h">
      <Filter>Header Files</Filter>
    </ClInclude>
    <ClInclude Include="Lua\lua\ljumptab.h">
      <Filter>Header Files</Filter>
    </ClInclude>
    <ClInclude Include="Lua\lua\llex.h">
      <Filter>Header Files</Filter>
    </ClInclude>
    <ClInclude Include="Lua\lua\llimits.h">
      <Filter>Header Files</Filter>
    </ClInclude>
    <ClInclude Include="Lua\lua\lmem.h">
      <Filter>Header Files</Filter>
    </ClInclude>
    <ClInclude Include="Lua\lua\lobject.h">
      <Filter>Header Files</Filter>
    </ClInclude>
    <ClInclude Include="Lua\lua\lopcodes.h">
      <Filter>Header Files</Filter>
    </ClInclude>
    <ClInclude Include="Lua\lua\lopnames.h">
      <Filter>Header Files</Filter>
    </ClInclude>
    <ClInclude Include="Lua\lua\lparser.h">
      <Filter>Header Files</Filter>
    </ClInclude>
    <ClInclude Include="Lua\lua\lprefix.h">
      <Filter>Header Files</Filter>
    </ClInclude>
    <ClInclude Include="Lua\lua\lstate.h">
      <Filter>Header Files</Filter>
    </ClInclude>
    <ClInclude Include="Lua\lua\lstring.h">
      <Filter>Header Files</Filter>
    </ClInclude>
    <ClInclude Include="Lua\lua\ltable.h">
      <Filter>Header Files</Filter>
    </ClInclude>
    <ClInclude Include="Lua\lua\ltm.h">
      <Filter>Header Files</Filter>
    </ClInclude>
    <ClInclude Include="Lua\lua\lua.h">
      <Filter>Header Files</Filter>
    </ClInclude>
    <ClInclude Include="Lua\lua\lua.hpp">
      <Filter>Header Files</Filter>
    </ClInclude>
    <ClInclude Include="Lua\lua\luaconf.h">
      <Filter>Header Files</Filter>
    </ClInclude>
    <ClInclude Include="Lua\lua\lualib.h">
      <Filter>Header Files</Filter>
    </ClInclude>
    <ClInclude Include="Lua\lua\lundump.h">
      <Filter>Header Files</Filter>
    </ClInclude>
    <ClInclude Include="Lua\lua\lvm.h">
      <Filter>Header Files</Filter>
    </ClInclude>
    <ClInclude Include="Lua\lua\lzio.h">
      <Filter>Header Files</Filter>
    </ClInclude>
  </ItemGroup>
  <ItemGroup>
    <None Include="kiero\minhook\dll_resources\MinHook.def">
      <Filter>kiero</Filter>
    </None>
  </ItemGroup>
</Project>